// !$*UTF8*$!
{
	archiveVersion = 1;
	classes = {
	};
	objectVersion = 50;
	objects = {

/* Begin PBXBuildFile section */
		623BD981235E9BC5008A9C74 /* AppDelegate.swift in Sources */ = {isa = PBXBuildFile; fileRef = 623BD980235E9BC5008A9C74 /* AppDelegate.swift */; };
		623BD983235E9BC5008A9C74 /* SceneDelegate.swift in Sources */ = {isa = PBXBuildFile; fileRef = 623BD982235E9BC5008A9C74 /* SceneDelegate.swift */; };
		623BD985235E9BC5008A9C74 /* LoadingViewController.swift in Sources */ = {isa = PBXBuildFile; fileRef = 623BD984235E9BC5008A9C74 /* LoadingViewController.swift */; };
		623BD988235E9BC5008A9C74 /* Main.storyboard in Resources */ = {isa = PBXBuildFile; fileRef = 623BD986235E9BC5008A9C74 /* Main.storyboard */; };
		623BD98D235E9BC6008A9C74 /* LaunchScreen.storyboard in Resources */ = {isa = PBXBuildFile; fileRef = 623BD98B235E9BC6008A9C74 /* LaunchScreen.storyboard */; };
		623BD998235E9BC7008A9C74 /* HOTELLOTTEFMSTests.swift in Sources */ = {isa = PBXBuildFile; fileRef = 623BD997235E9BC7008A9C74 /* HOTELLOTTEFMSTests.swift */; };
		623BD9A3235E9BC7008A9C74 /* HOTELLOTTEFMSUITests.swift in Sources */ = {isa = PBXBuildFile; fileRef = 623BD9A2235E9BC7008A9C74 /* HOTELLOTTEFMSUITests.swift */; };
		62955E182366D62E00177E15 /* splashimage.png in Resources */ = {isa = PBXBuildFile; fileRef = 62955E172366D62E00177E15 /* splashimage.png */; };
		62955E1A2366D7BD00177E15 /* Assets.xcassets in Resources */ = {isa = PBXBuildFile; fileRef = 62955E192366D7BD00177E15 /* Assets.xcassets */; };
		62955E1C2366DDB900177E15 /* MainWebViewController.swift in Sources */ = {isa = PBXBuildFile; fileRef = 62955E1B2366DDB900177E15 /* MainWebViewController.swift */; };
		62955E1E2366DEAD00177E15 /* SettingViewController.swift in Sources */ = {isa = PBXBuildFile; fileRef = 62955E1D2366DEAD00177E15 /* SettingViewController.swift */; };
		62955E212366E7A700177E15 /* NetworkUtil.swift in Sources */ = {isa = PBXBuildFile; fileRef = 62955E202366E7A700177E15 /* NetworkUtil.swift */; };
		62D740992371699A00EA19C2 /* WebKit.framework in Frameworks */ = {isa = PBXBuildFile; fileRef = 62D740982371699A00EA19C2 /* WebKit.framework */; };
		62D7409B2382ABE500EA19C2 /* QRReadingViewController.swift in Sources */ = {isa = PBXBuildFile; fileRef = 62D7409A2382ABE500EA19C2 /* QRReadingViewController.swift */; };
		62D7409F238772F000EA19C2 /* QRReadingProtocol.swift in Sources */ = {isa = PBXBuildFile; fileRef = 62D7409E238772F000EA19C2 /* QRReadingProtocol.swift */; };
		62D740A72387989500EA19C2 /* camera_image.png in Resources */ = {isa = PBXBuildFile; fileRef = 62D740A62387989500EA19C2 /* camera_image.png */; };
		62D740A92387989D00EA19C2 /* imagestorage_image.png in Resources */ = {isa = PBXBuildFile; fileRef = 62D740A82387989C00EA19C2 /* imagestorage_image.png */; };
		62D740AE238BA4A500EA19C2 /* Localizable.strings in Resources */ = {isa = PBXBuildFile; fileRef = 62D740B0238BA4A500EA19C2 /* Localizable.strings */; };
		62D740B7238BBAF200EA19C2 /* StringUtil.swift in Sources */ = {isa = PBXBuildFile; fileRef = 62D740B6238BBAF200EA19C2 /* StringUtil.swift */; };
		88B721DEFD2C7AC0A79A5B30 /* Pods_HOTELLOTTEFMS_HOTELLOTTEFMSUITests.framework in Frameworks */ = {isa = PBXBuildFile; fileRef = AFF2CE02BCBEED0EE57884B5 /* Pods_HOTELLOTTEFMS_HOTELLOTTEFMSUITests.framework */; };
		AA8BD0422386C6FA00669941 /* PrivacyInfoModalViewController.swift in Sources */ = {isa = PBXBuildFile; fileRef = AA8BD0412386C6FA00669941 /* PrivacyInfoModalViewController.swift */; };
		B2A1AE44498DAF26031A8B33 /* Pods_HOTELLOTTEFMSTests.framework in Frameworks */ = {isa = PBXBuildFile; fileRef = DAA48CAC77DF9E706895E3E5 /* Pods_HOTELLOTTEFMSTests.framework */; };
/* End PBXBuildFile section */

/* Begin PBXContainerItemProxy section */
		623BD994235E9BC7008A9C74 /* PBXContainerItemProxy */ = {
			isa = PBXContainerItemProxy;
			containerPortal = 623BD975235E9BC5008A9C74 /* Project object */;
			proxyType = 1;
			remoteGlobalIDString = 623BD97C235E9BC5008A9C74;
			remoteInfo = LOTTEHOTELFMS;
		};
		623BD99F235E9BC7008A9C74 /* PBXContainerItemProxy */ = {
			isa = PBXContainerItemProxy;
			containerPortal = 623BD975235E9BC5008A9C74 /* Project object */;
			proxyType = 1;
			remoteGlobalIDString = 623BD97C235E9BC5008A9C74;
			remoteInfo = LOTTEHOTELFMS;
		};
/* End PBXContainerItemProxy section */

/* Begin PBXFileReference section */
		1BEC98FDDE24CAF1C9C50963 /* Pods-HOTELLOTTEFMSTests.release.xcconfig */ = {isa = PBXFileReference; includeInIndex = 1; lastKnownFileType = text.xcconfig; name = "Pods-HOTELLOTTEFMSTests.release.xcconfig"; path = "Target Support Files/Pods-HOTELLOTTEFMSTests/Pods-HOTELLOTTEFMSTests.release.xcconfig"; sourceTree = "<group>"; };
		3ADBD9CADD8F48CA968CCBAE /* Pods-HOTELLOTTEFMS-HOTELLOTTEFMSUITests.debug.xcconfig */ = {isa = PBXFileReference; includeInIndex = 1; lastKnownFileType = text.xcconfig; name = "Pods-HOTELLOTTEFMS-HOTELLOTTEFMSUITests.debug.xcconfig"; path = "Target Support Files/Pods-HOTELLOTTEFMS-HOTELLOTTEFMSUITests/Pods-HOTELLOTTEFMS-HOTELLOTTEFMSUITests.debug.xcconfig"; sourceTree = "<group>"; };
		5E8B2800799A7F3FFD9E941D /* Pods-HOTELLOTTEFMS.debug.xcconfig */ = {isa = PBXFileReference; includeInIndex = 1; lastKnownFileType = text.xcconfig; name = "Pods-HOTELLOTTEFMS.debug.xcconfig"; path = "Target Support Files/Pods-HOTELLOTTEFMS/Pods-HOTELLOTTEFMS.debug.xcconfig"; sourceTree = "<group>"; };
		623BD97D235E9BC5008A9C74 /* HOTELLOTTEFMS.app */ = {isa = PBXFileReference; explicitFileType = wrapper.application; includeInIndex = 0; path = HOTELLOTTEFMS.app; sourceTree = BUILT_PRODUCTS_DIR; };
		623BD980235E9BC5008A9C74 /* AppDelegate.swift */ = {isa = PBXFileReference; lastKnownFileType = sourcecode.swift; path = AppDelegate.swift; sourceTree = "<group>"; };
		623BD982235E9BC5008A9C74 /* SceneDelegate.swift */ = {isa = PBXFileReference; lastKnownFileType = sourcecode.swift; path = SceneDelegate.swift; sourceTree = "<group>"; };
		623BD984235E9BC5008A9C74 /* LoadingViewController.swift */ = {isa = PBXFileReference; lastKnownFileType = sourcecode.swift; path = LoadingViewController.swift; sourceTree = "<group>"; };
		623BD987235E9BC5008A9C74 /* Base */ = {isa = PBXFileReference; lastKnownFileType = file.storyboard; name = Base; path = Base.lproj/Main.storyboard; sourceTree = "<group>"; };
		623BD98C235E9BC6008A9C74 /* Base */ = {isa = PBXFileReference; lastKnownFileType = file.storyboard; name = Base; path = Base.lproj/LaunchScreen.storyboard; sourceTree = "<group>"; };
		623BD98E235E9BC6008A9C74 /* Info.plist */ = {isa = PBXFileReference; lastKnownFileType = text.plist.xml; path = Info.plist; sourceTree = "<group>"; };
		623BD993235E9BC7008A9C74 /* HOTELLOTTEFMSTests.xctest */ = {isa = PBXFileReference; explicitFileType = wrapper.cfbundle; includeInIndex = 0; path = HOTELLOTTEFMSTests.xctest; sourceTree = BUILT_PRODUCTS_DIR; };
		623BD997235E9BC7008A9C74 /* HOTELLOTTEFMSTests.swift */ = {isa = PBXFileReference; lastKnownFileType = sourcecode.swift; path = HOTELLOTTEFMSTests.swift; sourceTree = "<group>"; };
		623BD999235E9BC7008A9C74 /* Info.plist */ = {isa = PBXFileReference; lastKnownFileType = text.plist.xml; path = Info.plist; sourceTree = "<group>"; };
		623BD99E235E9BC7008A9C74 /* HOTELLOTTEFMSUITests.xctest */ = {isa = PBXFileReference; explicitFileType = wrapper.cfbundle; includeInIndex = 0; path = HOTELLOTTEFMSUITests.xctest; sourceTree = BUILT_PRODUCTS_DIR; };
		623BD9A2235E9BC7008A9C74 /* HOTELLOTTEFMSUITests.swift */ = {isa = PBXFileReference; lastKnownFileType = sourcecode.swift; path = HOTELLOTTEFMSUITests.swift; sourceTree = "<group>"; };
		623BD9A4235E9BC7008A9C74 /* Info.plist */ = {isa = PBXFileReference; lastKnownFileType = text.plist.xml; path = Info.plist; sourceTree = "<group>"; };
		62955E172366D62E00177E15 /* splashimage.png */ = {isa = PBXFileReference; lastKnownFileType = image.png; path = splashimage.png; sourceTree = "<group>"; };
		62955E192366D7BD00177E15 /* Assets.xcassets */ = {isa = PBXFileReference; lastKnownFileType = folder.assetcatalog; name = Assets.xcassets; path = ../Assets.xcassets; sourceTree = "<group>"; };
		62955E1B2366DDB900177E15 /* MainWebViewController.swift */ = {isa = PBXFileReference; lastKnownFileType = sourcecode.swift; path = MainWebViewController.swift; sourceTree = "<group>"; };
		62955E1D2366DEAD00177E15 /* SettingViewController.swift */ = {isa = PBXFileReference; lastKnownFileType = sourcecode.swift; path = SettingViewController.swift; sourceTree = "<group>"; };
		62955E202366E7A700177E15 /* NetworkUtil.swift */ = {isa = PBXFileReference; lastKnownFileType = sourcecode.swift; path = NetworkUtil.swift; sourceTree = "<group>"; };
		62D740982371699A00EA19C2 /* WebKit.framework */ = {isa = PBXFileReference; lastKnownFileType = wrapper.framework; name = WebKit.framework; path = System/Library/Frameworks/WebKit.framework; sourceTree = SDKROOT; };
		62D7409A2382ABE500EA19C2 /* QRReadingViewController.swift */ = {isa = PBXFileReference; lastKnownFileType = sourcecode.swift; path = QRReadingViewController.swift; sourceTree = "<group>"; };
		62D7409E238772F000EA19C2 /* QRReadingProtocol.swift */ = {isa = PBXFileReference; lastKnownFileType = sourcecode.swift; path = QRReadingProtocol.swift; sourceTree = "<group>"; };
		62D740A62387989500EA19C2 /* camera_image.png */ = {isa = PBXFileReference; lastKnownFileType = image.png; path = camera_image.png; sourceTree = "<group>"; };
		62D740A82387989C00EA19C2 /* imagestorage_image.png */ = {isa = PBXFileReference; lastKnownFileType = image.png; path = imagestorage_image.png; sourceTree = "<group>"; };
		62D740AF238BA4A500EA19C2 /* en */ = {isa = PBXFileReference; lastKnownFileType = text.plist.strings; name = en; path = en.lproj/Localizable.strings; sourceTree = "<group>"; };
		62D740B1238BA57900EA19C2 /* ko */ = {isa = PBXFileReference; lastKnownFileType = text.plist.strings; name = ko; path = ko.lproj/Main.strings; sourceTree = "<group>"; };
		62D740B2238BA57A00EA19C2 /* ko */ = {isa = PBXFileReference; lastKnownFileType = text.plist.strings; name = ko; path = ko.lproj/LaunchScreen.strings; sourceTree = "<group>"; };
		62D740B3238BA57A00EA19C2 /* ko */ = {isa = PBXFileReference; lastKnownFileType = text.plist.strings; name = ko; path = ko.lproj/Localizable.strings; sourceTree = "<group>"; };
		62D740B6238BBAF200EA19C2 /* StringUtil.swift */ = {isa = PBXFileReference; lastKnownFileType = sourcecode.swift; path = StringUtil.swift; sourceTree = "<group>"; };
		821894A49F00FC928E2DDD70 /* Pods-HOTELLOTTEFMS.release.xcconfig */ = {isa = PBXFileReference; includeInIndex = 1; lastKnownFileType = text.xcconfig; name = "Pods-HOTELLOTTEFMS.release.xcconfig"; path = "Target Support Files/Pods-HOTELLOTTEFMS/Pods-HOTELLOTTEFMS.release.xcconfig"; sourceTree = "<group>"; };
		872F0F683C3E55087557980E /* Pods_HOTELLOTTEFMS.framework */ = {isa = PBXFileReference; explicitFileType = wrapper.framework; includeInIndex = 0; path = Pods_HOTELLOTTEFMS.framework; sourceTree = BUILT_PRODUCTS_DIR; };
		AA8BD0412386C6FA00669941 /* PrivacyInfoModalViewController.swift */ = {isa = PBXFileReference; lastKnownFileType = sourcecode.swift; path = PrivacyInfoModalViewController.swift; sourceTree = "<group>"; };
		AFF2CE02BCBEED0EE57884B5 /* Pods_HOTELLOTTEFMS_HOTELLOTTEFMSUITests.framework */ = {isa = PBXFileReference; explicitFileType = wrapper.framework; includeInIndex = 0; path = Pods_HOTELLOTTEFMS_HOTELLOTTEFMSUITests.framework; sourceTree = BUILT_PRODUCTS_DIR; };
		DAA48CAC77DF9E706895E3E5 /* Pods_HOTELLOTTEFMSTests.framework */ = {isa = PBXFileReference; explicitFileType = wrapper.framework; includeInIndex = 0; path = Pods_HOTELLOTTEFMSTests.framework; sourceTree = BUILT_PRODUCTS_DIR; };
		DEA06E09E30FC837084AC760 /* Pods-HOTELLOTTEFMSTests.debug.xcconfig */ = {isa = PBXFileReference; includeInIndex = 1; lastKnownFileType = text.xcconfig; name = "Pods-HOTELLOTTEFMSTests.debug.xcconfig"; path = "Target Support Files/Pods-HOTELLOTTEFMSTests/Pods-HOTELLOTTEFMSTests.debug.xcconfig"; sourceTree = "<group>"; };
		F3C486239A589D0CA2D1F4F8 /* Pods-HOTELLOTTEFMS-HOTELLOTTEFMSUITests.release.xcconfig */ = {isa = PBXFileReference; includeInIndex = 1; lastKnownFileType = text.xcconfig; name = "Pods-HOTELLOTTEFMS-HOTELLOTTEFMSUITests.release.xcconfig"; path = "Target Support Files/Pods-HOTELLOTTEFMS-HOTELLOTTEFMSUITests/Pods-HOTELLOTTEFMS-HOTELLOTTEFMSUITests.release.xcconfig"; sourceTree = "<group>"; };
/* End PBXFileReference section */

/* Begin PBXFrameworksBuildPhase section */
		623BD97A235E9BC5008A9C74 /* Frameworks */ = {
			isa = PBXFrameworksBuildPhase;
			buildActionMask = 2147483647;
			files = (
				62D740992371699A00EA19C2 /* WebKit.framework in Frameworks */,
			);
			runOnlyForDeploymentPostprocessing = 0;
		};
		623BD990235E9BC7008A9C74 /* Frameworks */ = {
			isa = PBXFrameworksBuildPhase;
			buildActionMask = 2147483647;
			files = (
				B2A1AE44498DAF26031A8B33 /* Pods_HOTELLOTTEFMSTests.framework in Frameworks */,
			);
			runOnlyForDeploymentPostprocessing = 0;
		};
		623BD99B235E9BC7008A9C74 /* Frameworks */ = {
			isa = PBXFrameworksBuildPhase;
			buildActionMask = 2147483647;
			files = (
				88B721DEFD2C7AC0A79A5B30 /* Pods_HOTELLOTTEFMS_HOTELLOTTEFMSUITests.framework in Frameworks */,
			);
			runOnlyForDeploymentPostprocessing = 0;
		};
/* End PBXFrameworksBuildPhase section */

/* Begin PBXGroup section */
		61DA82C754ADFB4FBAFB6475 /* Frameworks */ = {
			isa = PBXGroup;
			children = (
				62D740982371699A00EA19C2 /* WebKit.framework */,
				872F0F683C3E55087557980E /* Pods_HOTELLOTTEFMS.framework */,
				AFF2CE02BCBEED0EE57884B5 /* Pods_HOTELLOTTEFMS_HOTELLOTTEFMSUITests.framework */,
				DAA48CAC77DF9E706895E3E5 /* Pods_HOTELLOTTEFMSTests.framework */,
			);
			name = Frameworks;
			sourceTree = "<group>";
		};
		623BD974235E9BC5008A9C74 = {
			isa = PBXGroup;
			children = (
				623BD97F235E9BC5008A9C74 /* HOTELLOTTEFMS */,
				623BD996235E9BC7008A9C74 /* HOTELLOTTEFMSTests */,
				623BD9A1235E9BC7008A9C74 /* HOTELLOTTEFMSUITests */,
				623BD97E235E9BC5008A9C74 /* Products */,
				B24B968EDD3B60CB545E9B08 /* Pods */,
				61DA82C754ADFB4FBAFB6475 /* Frameworks */,
			);
			sourceTree = "<group>";
		};
		623BD97E235E9BC5008A9C74 /* Products */ = {
			isa = PBXGroup;
			children = (
				623BD97D235E9BC5008A9C74 /* HOTELLOTTEFMS.app */,
				623BD993235E9BC7008A9C74 /* HOTELLOTTEFMSTests.xctest */,
				623BD99E235E9BC7008A9C74 /* HOTELLOTTEFMSUITests.xctest */,
			);
			name = Products;
			sourceTree = "<group>";
		};
		623BD97F235E9BC5008A9C74 /* HOTELLOTTEFMS */ = {
			isa = PBXGroup;
			children = (
				62D740AB238BA40000EA19C2 /* Localization */,
				62D740A02387736E00EA19C2 /* Protocol */,
				62955E1F2366E13D00177E15 /* Util */,
				6260F1992361ADFF00964DA4 /* Application */,
				6260F1952361AD1100964DA4 /* Controller */,
				6260F1912361AACF00964DA4 /* Resources */,
				623BD98E235E9BC6008A9C74 /* Info.plist */,
				62955E192366D7BD00177E15 /* Assets.xcassets */,
			);
			path = HOTELLOTTEFMS;
			sourceTree = "<group>";
		};
		623BD996235E9BC7008A9C74 /* HOTELLOTTEFMSTests */ = {
			isa = PBXGroup;
			children = (
				623BD997235E9BC7008A9C74 /* HOTELLOTTEFMSTests.swift */,
				623BD999235E9BC7008A9C74 /* Info.plist */,
			);
			path = HOTELLOTTEFMSTests;
			sourceTree = "<group>";
		};
		623BD9A1235E9BC7008A9C74 /* HOTELLOTTEFMSUITests */ = {
			isa = PBXGroup;
			children = (
				623BD9A2235E9BC7008A9C74 /* HOTELLOTTEFMSUITests.swift */,
				623BD9A4235E9BC7008A9C74 /* Info.plist */,
			);
			path = HOTELLOTTEFMSUITests;
			sourceTree = "<group>";
		};
		6260F1912361AACF00964DA4 /* Resources */ = {
			isa = PBXGroup;
			children = (
				6260F1962361AD9300964DA4 /* Storyboard */,
				6260F1972361ADA700964DA4 /* Image */,
			);
			name = Resources;
			sourceTree = "<group>";
		};
		6260F1952361AD1100964DA4 /* Controller */ = {
			isa = PBXGroup;
			children = (
				623BD984235E9BC5008A9C74 /* LoadingViewController.swift */,
				62955E1B2366DDB900177E15 /* MainWebViewController.swift */,
				62955E1D2366DEAD00177E15 /* SettingViewController.swift */,
				62D7409A2382ABE500EA19C2 /* QRReadingViewController.swift */,
				AA8BD0412386C6FA00669941 /* PrivacyInfoModalViewController.swift */,
			);
			path = Controller;
			sourceTree = "<group>";
		};
		6260F1962361AD9300964DA4 /* Storyboard */ = {
			isa = PBXGroup;
			children = (
				623BD986235E9BC5008A9C74 /* Main.storyboard */,
				623BD98B235E9BC6008A9C74 /* LaunchScreen.storyboard */,
			);
			path = Storyboard;
			sourceTree = "<group>";
		};
		6260F1972361ADA700964DA4 /* Image */ = {
			isa = PBXGroup;
			children = (
				62D740A82387989C00EA19C2 /* imagestorage_image.png */,
				62D740A62387989500EA19C2 /* camera_image.png */,
				62955E172366D62E00177E15 /* splashimage.png */,
			);
			path = Image;
			sourceTree = "<group>";
		};
		6260F1992361ADFF00964DA4 /* Application */ = {
			isa = PBXGroup;
			children = (
				623BD980235E9BC5008A9C74 /* AppDelegate.swift */,
				623BD982235E9BC5008A9C74 /* SceneDelegate.swift */,
			);
			name = Application;
			sourceTree = "<group>";
		};
		62955E1F2366E13D00177E15 /* Util */ = {
			isa = PBXGroup;
			children = (
				62955E202366E7A700177E15 /* NetworkUtil.swift */,
				62D740B6238BBAF200EA19C2 /* StringUtil.swift */,
			);
			path = Util;
			sourceTree = "<group>";
		};
		62D740A02387736E00EA19C2 /* Protocol */ = {
			isa = PBXGroup;
			children = (
				62D7409E238772F000EA19C2 /* QRReadingProtocol.swift */,
			);
			path = Protocol;
			sourceTree = "<group>";
		};
		62D740AB238BA40000EA19C2 /* Localization */ = {
			isa = PBXGroup;
			children = (
				62D740B0238BA4A500EA19C2 /* Localizable.strings */,
			);
			path = Localization;
			sourceTree = "<group>";
		};
		B24B968EDD3B60CB545E9B08 /* Pods */ = {
			isa = PBXGroup;
			children = (
				5E8B2800799A7F3FFD9E941D /* Pods-HOTELLOTTEFMS.debug.xcconfig */,
				821894A49F00FC928E2DDD70 /* Pods-HOTELLOTTEFMS.release.xcconfig */,
				3ADBD9CADD8F48CA968CCBAE /* Pods-HOTELLOTTEFMS-HOTELLOTTEFMSUITests.debug.xcconfig */,
				F3C486239A589D0CA2D1F4F8 /* Pods-HOTELLOTTEFMS-HOTELLOTTEFMSUITests.release.xcconfig */,
				DEA06E09E30FC837084AC760 /* Pods-HOTELLOTTEFMSTests.debug.xcconfig */,
				1BEC98FDDE24CAF1C9C50963 /* Pods-HOTELLOTTEFMSTests.release.xcconfig */,
			);
			path = Pods;
			sourceTree = "<group>";
		};
/* End PBXGroup section */

/* Begin PBXNativeTarget section */
		623BD97C235E9BC5008A9C74 /* HOTELLOTTEFMS */ = {
			isa = PBXNativeTarget;
			buildConfigurationList = 623BD9A7235E9BC7008A9C74 /* Build configuration list for PBXNativeTarget "HOTELLOTTEFMS" */;
			buildPhases = (
				248C4E1740BEC2E1FDB20D5C /* [CP] Check Pods Manifest.lock */,
				623BD979235E9BC5008A9C74 /* Sources */,
				623BD97A235E9BC5008A9C74 /* Frameworks */,
				623BD97B235E9BC5008A9C74 /* Resources */,
			);
			buildRules = (
			);
			dependencies = (
			);
			name = HOTELLOTTEFMS;
			productName = LOTTEHOTELFMS;
			productReference = 623BD97D235E9BC5008A9C74 /* HOTELLOTTEFMS.app */;
			productType = "com.apple.product-type.application";
		};
		623BD992235E9BC7008A9C74 /* HOTELLOTTEFMSTests */ = {
			isa = PBXNativeTarget;
			buildConfigurationList = 623BD9AA235E9BC7008A9C74 /* Build configuration list for PBXNativeTarget "HOTELLOTTEFMSTests" */;
			buildPhases = (
				748FB18A73A77C29549B44CD /* [CP] Check Pods Manifest.lock */,
				623BD98F235E9BC7008A9C74 /* Sources */,
				623BD990235E9BC7008A9C74 /* Frameworks */,
				623BD991235E9BC7008A9C74 /* Resources */,
			);
			buildRules = (
			);
			dependencies = (
				623BD995235E9BC7008A9C74 /* PBXTargetDependency */,
			);
			name = HOTELLOTTEFMSTests;
			productName = LOTTEHOTELFMSTests;
			productReference = 623BD993235E9BC7008A9C74 /* HOTELLOTTEFMSTests.xctest */;
			productType = "com.apple.product-type.bundle.unit-test";
		};
		623BD99D235E9BC7008A9C74 /* HOTELLOTTEFMSUITests */ = {
			isa = PBXNativeTarget;
			buildConfigurationList = 623BD9AD235E9BC7008A9C74 /* Build configuration list for PBXNativeTarget "HOTELLOTTEFMSUITests" */;
			buildPhases = (
				FC7E621D754124E1D00E1094 /* [CP] Check Pods Manifest.lock */,
				623BD99A235E9BC7008A9C74 /* Sources */,
				623BD99B235E9BC7008A9C74 /* Frameworks */,
				623BD99C235E9BC7008A9C74 /* Resources */,
			);
			buildRules = (
			);
			dependencies = (
				623BD9A0235E9BC7008A9C74 /* PBXTargetDependency */,
			);
			name = HOTELLOTTEFMSUITests;
			productName = LOTTEHOTELFMSUITests;
			productReference = 623BD99E235E9BC7008A9C74 /* HOTELLOTTEFMSUITests.xctest */;
			productType = "com.apple.product-type.bundle.ui-testing";
		};
/* End PBXNativeTarget section */

/* Begin PBXProject section */
		623BD975235E9BC5008A9C74 /* Project object */ = {
			isa = PBXProject;
			attributes = {
				LastSwiftUpdateCheck = 1110;
				LastUpgradeCheck = 1110;
				ORGANIZATIONNAME = ldcc;
				TargetAttributes = {
					623BD97C235E9BC5008A9C74 = {
						CreatedOnToolsVersion = 11.1;
					};
					623BD992235E9BC7008A9C74 = {
						CreatedOnToolsVersion = 11.1;
						TestTargetID = 623BD97C235E9BC5008A9C74;
					};
					623BD99D235E9BC7008A9C74 = {
						CreatedOnToolsVersion = 11.1;
						TestTargetID = 623BD97C235E9BC5008A9C74;
					};
				};
			};
			buildConfigurationList = 623BD978235E9BC5008A9C74 /* Build configuration list for PBXProject "HOTELLOTTEFMS" */;
			compatibilityVersion = "Xcode 9.3";
			developmentRegion = en;
			hasScannedForEncodings = 0;
			knownRegions = (
				en,
				Base,
				ko,
			);
			mainGroup = 623BD974235E9BC5008A9C74;
			productRefGroup = 623BD97E235E9BC5008A9C74 /* Products */;
			projectDirPath = "";
			projectRoot = "";
			targets = (
				623BD97C235E9BC5008A9C74 /* HOTELLOTTEFMS */,
				623BD992235E9BC7008A9C74 /* HOTELLOTTEFMSTests */,
				623BD99D235E9BC7008A9C74 /* HOTELLOTTEFMSUITests */,
			);
		};
/* End PBXProject section */

/* Begin PBXResourcesBuildPhase section */
		623BD97B235E9BC5008A9C74 /* Resources */ = {
			isa = PBXResourcesBuildPhase;
			buildActionMask = 2147483647;
			files = (
				62D740A72387989500EA19C2 /* camera_image.png in Resources */,
				62D740A92387989D00EA19C2 /* imagestorage_image.png in Resources */,
				62955E182366D62E00177E15 /* splashimage.png in Resources */,
				62D740AE238BA4A500EA19C2 /* Localizable.strings in Resources */,
				623BD98D235E9BC6008A9C74 /* LaunchScreen.storyboard in Resources */,
				623BD988235E9BC5008A9C74 /* Main.storyboard in Resources */,
				62955E1A2366D7BD00177E15 /* Assets.xcassets in Resources */,
			);
			runOnlyForDeploymentPostprocessing = 0;
		};
		623BD991235E9BC7008A9C74 /* Resources */ = {
			isa = PBXResourcesBuildPhase;
			buildActionMask = 2147483647;
			files = (
			);
			runOnlyForDeploymentPostprocessing = 0;
		};
		623BD99C235E9BC7008A9C74 /* Resources */ = {
			isa = PBXResourcesBuildPhase;
			buildActionMask = 2147483647;
			files = (
			);
			runOnlyForDeploymentPostprocessing = 0;
		};
/* End PBXResourcesBuildPhase section */

/* Begin PBXShellScriptBuildPhase section */
		248C4E1740BEC2E1FDB20D5C /* [CP] Check Pods Manifest.lock */ = {
			isa = PBXShellScriptBuildPhase;
			buildActionMask = 2147483647;
			files = (
			);
			inputFileListPaths = (
			);
			inputPaths = (
				"${PODS_PODFILE_DIR_PATH}/Podfile.lock",
				"${PODS_ROOT}/Manifest.lock",
			);
			name = "[CP] Check Pods Manifest.lock";
			outputFileListPaths = (
			);
			outputPaths = (
				"$(DERIVED_FILE_DIR)/Pods-HOTELLOTTEFMS-checkManifestLockResult.txt",
			);
			runOnlyForDeploymentPostprocessing = 0;
			shellPath = /bin/sh;
			shellScript = "diff \"${PODS_PODFILE_DIR_PATH}/Podfile.lock\" \"${PODS_ROOT}/Manifest.lock\" > /dev/null\nif [ $? != 0 ] ; then\n    # print error to STDERR\n    echo \"error: The sandbox is not in sync with the Podfile.lock. Run 'pod install' or update your CocoaPods installation.\" >&2\n    exit 1\nfi\n# This output is used by Xcode 'outputs' to avoid re-running this script phase.\necho \"SUCCESS\" > \"${SCRIPT_OUTPUT_FILE_0}\"\n";
			showEnvVarsInLog = 0;
		};
		748FB18A73A77C29549B44CD /* [CP] Check Pods Manifest.lock */ = {
			isa = PBXShellScriptBuildPhase;
			buildActionMask = 2147483647;
			files = (
			);
			inputFileListPaths = (
			);
			inputPaths = (
				"${PODS_PODFILE_DIR_PATH}/Podfile.lock",
				"${PODS_ROOT}/Manifest.lock",
			);
			name = "[CP] Check Pods Manifest.lock";
			outputFileListPaths = (
			);
			outputPaths = (
				"$(DERIVED_FILE_DIR)/Pods-HOTELLOTTEFMSTests-checkManifestLockResult.txt",
			);
			runOnlyForDeploymentPostprocessing = 0;
			shellPath = /bin/sh;
			shellScript = "diff \"${PODS_PODFILE_DIR_PATH}/Podfile.lock\" \"${PODS_ROOT}/Manifest.lock\" > /dev/null\nif [ $? != 0 ] ; then\n    # print error to STDERR\n    echo \"error: The sandbox is not in sync with the Podfile.lock. Run 'pod install' or update your CocoaPods installation.\" >&2\n    exit 1\nfi\n# This output is used by Xcode 'outputs' to avoid re-running this script phase.\necho \"SUCCESS\" > \"${SCRIPT_OUTPUT_FILE_0}\"\n";
			showEnvVarsInLog = 0;
		};
		FC7E621D754124E1D00E1094 /* [CP] Check Pods Manifest.lock */ = {
			isa = PBXShellScriptBuildPhase;
			buildActionMask = 2147483647;
			files = (
			);
			inputFileListPaths = (
			);
			inputPaths = (
				"${PODS_PODFILE_DIR_PATH}/Podfile.lock",
				"${PODS_ROOT}/Manifest.lock",
			);
			name = "[CP] Check Pods Manifest.lock";
			outputFileListPaths = (
			);
			outputPaths = (
				"$(DERIVED_FILE_DIR)/Pods-HOTELLOTTEFMS-HOTELLOTTEFMSUITests-checkManifestLockResult.txt",
			);
			runOnlyForDeploymentPostprocessing = 0;
			shellPath = /bin/sh;
			shellScript = "diff \"${PODS_PODFILE_DIR_PATH}/Podfile.lock\" \"${PODS_ROOT}/Manifest.lock\" > /dev/null\nif [ $? != 0 ] ; then\n    # print error to STDERR\n    echo \"error: The sandbox is not in sync with the Podfile.lock. Run 'pod install' or update your CocoaPods installation.\" >&2\n    exit 1\nfi\n# This output is used by Xcode 'outputs' to avoid re-running this script phase.\necho \"SUCCESS\" > \"${SCRIPT_OUTPUT_FILE_0}\"\n";
			showEnvVarsInLog = 0;
		};
/* End PBXShellScriptBuildPhase section */

/* Begin PBXSourcesBuildPhase section */
		623BD979235E9BC5008A9C74 /* Sources */ = {
			isa = PBXSourcesBuildPhase;
			buildActionMask = 2147483647;
			files = (
				62955E1E2366DEAD00177E15 /* SettingViewController.swift in Sources */,
				62955E1C2366DDB900177E15 /* MainWebViewController.swift in Sources */,
				62D740B7238BBAF200EA19C2 /* StringUtil.swift in Sources */,
				62955E212366E7A700177E15 /* NetworkUtil.swift in Sources */,
				623BD985235E9BC5008A9C74 /* LoadingViewController.swift in Sources */,
				AA8BD0422386C6FA00669941 /* PrivacyInfoModalViewController.swift in Sources */,
				623BD981235E9BC5008A9C74 /* AppDelegate.swift in Sources */,
				62D7409B2382ABE500EA19C2 /* QRReadingViewController.swift in Sources */,
				623BD983235E9BC5008A9C74 /* SceneDelegate.swift in Sources */,
				62D7409F238772F000EA19C2 /* QRReadingProtocol.swift in Sources */,
			);
			runOnlyForDeploymentPostprocessing = 0;
		};
		623BD98F235E9BC7008A9C74 /* Sources */ = {
			isa = PBXSourcesBuildPhase;
			buildActionMask = 2147483647;
			files = (
				623BD998235E9BC7008A9C74 /* HOTELLOTTEFMSTests.swift in Sources */,
			);
			runOnlyForDeploymentPostprocessing = 0;
		};
		623BD99A235E9BC7008A9C74 /* Sources */ = {
			isa = PBXSourcesBuildPhase;
			buildActionMask = 2147483647;
			files = (
				623BD9A3235E9BC7008A9C74 /* HOTELLOTTEFMSUITests.swift in Sources */,
			);
			runOnlyForDeploymentPostprocessing = 0;
		};
/* End PBXSourcesBuildPhase section */

/* Begin PBXTargetDependency section */
		623BD995235E9BC7008A9C74 /* PBXTargetDependency */ = {
			isa = PBXTargetDependency;
			target = 623BD97C235E9BC5008A9C74 /* HOTELLOTTEFMS */;
			targetProxy = 623BD994235E9BC7008A9C74 /* PBXContainerItemProxy */;
		};
		623BD9A0235E9BC7008A9C74 /* PBXTargetDependency */ = {
			isa = PBXTargetDependency;
			target = 623BD97C235E9BC5008A9C74 /* HOTELLOTTEFMS */;
			targetProxy = 623BD99F235E9BC7008A9C74 /* PBXContainerItemProxy */;
		};
/* End PBXTargetDependency section */

/* Begin PBXVariantGroup section */
		623BD986235E9BC5008A9C74 /* Main.storyboard */ = {
			isa = PBXVariantGroup;
			children = (
				623BD987235E9BC5008A9C74 /* Base */,
				62D740B1238BA57900EA19C2 /* ko */,
			);
			name = Main.storyboard;
			sourceTree = "<group>";
		};
		623BD98B235E9BC6008A9C74 /* LaunchScreen.storyboard */ = {
			isa = PBXVariantGroup;
			children = (
				623BD98C235E9BC6008A9C74 /* Base */,
				62D740B2238BA57A00EA19C2 /* ko */,
			);
			name = LaunchScreen.storyboard;
			sourceTree = "<group>";
		};
		62D740B0238BA4A500EA19C2 /* Localizable.strings */ = {
			isa = PBXVariantGroup;
			children = (
				62D740AF238BA4A500EA19C2 /* en */,
				62D740B3238BA57A00EA19C2 /* ko */,
			);
			name = Localizable.strings;
			sourceTree = "<group>";
		};
/* End PBXVariantGroup section */

/* Begin XCBuildConfiguration section */
		623BD9A5235E9BC7008A9C74 /* Debug */ = {
			isa = XCBuildConfiguration;
			buildSettings = {
				ALWAYS_SEARCH_USER_PATHS = NO;
				CLANG_ANALYZER_LOCALIZABILITY_NONLOCALIZED = YES;
				CLANG_ANALYZER_NONNULL = YES;
				CLANG_ANALYZER_NUMBER_OBJECT_CONVERSION = YES_AGGRESSIVE;
				CLANG_CXX_LANGUAGE_STANDARD = "gnu++14";
				CLANG_CXX_LIBRARY = "libc++";
				CLANG_ENABLE_MODULES = YES;
				CLANG_ENABLE_OBJC_ARC = YES;
				CLANG_ENABLE_OBJC_WEAK = YES;
				CLANG_WARN_BLOCK_CAPTURE_AUTORELEASING = YES;
				CLANG_WARN_BOOL_CONVERSION = YES;
				CLANG_WARN_COMMA = YES;
				CLANG_WARN_CONSTANT_CONVERSION = YES;
				CLANG_WARN_DEPRECATED_OBJC_IMPLEMENTATIONS = YES;
				CLANG_WARN_DIRECT_OBJC_ISA_USAGE = YES_ERROR;
				CLANG_WARN_DOCUMENTATION_COMMENTS = YES;
				CLANG_WARN_EMPTY_BODY = YES;
				CLANG_WARN_ENUM_CONVERSION = YES;
				CLANG_WARN_INFINITE_RECURSION = YES;
				CLANG_WARN_INT_CONVERSION = YES;
				CLANG_WARN_NON_LITERAL_NULL_CONVERSION = YES;
				CLANG_WARN_OBJC_IMPLICIT_RETAIN_SELF = YES;
				CLANG_WARN_OBJC_LITERAL_CONVERSION = YES;
				CLANG_WARN_OBJC_ROOT_CLASS = YES_ERROR;
				CLANG_WARN_RANGE_LOOP_ANALYSIS = YES;
				CLANG_WARN_STRICT_PROTOTYPES = YES;
				CLANG_WARN_SUSPICIOUS_MOVE = YES;
				CLANG_WARN_UNGUARDED_AVAILABILITY = YES_AGGRESSIVE;
				CLANG_WARN_UNREACHABLE_CODE = YES;
				CLANG_WARN__DUPLICATE_METHOD_MATCH = YES;
				COPY_PHASE_STRIP = NO;
				DEBUG_INFORMATION_FORMAT = dwarf;
				ENABLE_STRICT_OBJC_MSGSEND = YES;
				ENABLE_TESTABILITY = YES;
				GCC_C_LANGUAGE_STANDARD = gnu11;
				GCC_DYNAMIC_NO_PIC = NO;
				GCC_NO_COMMON_BLOCKS = YES;
				GCC_OPTIMIZATION_LEVEL = 0;
				GCC_PREPROCESSOR_DEFINITIONS = (
					"DEBUG=1",
					"$(inherited)",
				);
				GCC_WARN_64_TO_32_BIT_CONVERSION = YES;
				GCC_WARN_ABOUT_RETURN_TYPE = YES_ERROR;
				GCC_WARN_UNDECLARED_SELECTOR = YES;
				GCC_WARN_UNINITIALIZED_AUTOS = YES_AGGRESSIVE;
				GCC_WARN_UNUSED_FUNCTION = YES;
				GCC_WARN_UNUSED_VARIABLE = YES;
				IPHONEOS_DEPLOYMENT_TARGET = 13.1;
				MTL_ENABLE_DEBUG_INFO = INCLUDE_SOURCE;
				MTL_FAST_MATH = YES;
				ONLY_ACTIVE_ARCH = YES;
				SDKROOT = iphoneos;
				SWIFT_ACTIVE_COMPILATION_CONDITIONS = DEBUG;
				SWIFT_OPTIMIZATION_LEVEL = "-Onone";
			};
			name = Debug;
		};
		623BD9A6235E9BC7008A9C74 /* Release */ = {
			isa = XCBuildConfiguration;
			buildSettings = {
				ALWAYS_SEARCH_USER_PATHS = NO;
				CLANG_ANALYZER_LOCALIZABILITY_NONLOCALIZED = YES;
				CLANG_ANALYZER_NONNULL = YES;
				CLANG_ANALYZER_NUMBER_OBJECT_CONVERSION = YES_AGGRESSIVE;
				CLANG_CXX_LANGUAGE_STANDARD = "gnu++14";
				CLANG_CXX_LIBRARY = "libc++";
				CLANG_ENABLE_MODULES = YES;
				CLANG_ENABLE_OBJC_ARC = YES;
				CLANG_ENABLE_OBJC_WEAK = YES;
				CLANG_WARN_BLOCK_CAPTURE_AUTORELEASING = YES;
				CLANG_WARN_BOOL_CONVERSION = YES;
				CLANG_WARN_COMMA = YES;
				CLANG_WARN_CONSTANT_CONVERSION = YES;
				CLANG_WARN_DEPRECATED_OBJC_IMPLEMENTATIONS = YES;
				CLANG_WARN_DIRECT_OBJC_ISA_USAGE = YES_ERROR;
				CLANG_WARN_DOCUMENTATION_COMMENTS = YES;
				CLANG_WARN_EMPTY_BODY = YES;
				CLANG_WARN_ENUM_CONVERSION = YES;
				CLANG_WARN_INFINITE_RECURSION = YES;
				CLANG_WARN_INT_CONVERSION = YES;
				CLANG_WARN_NON_LITERAL_NULL_CONVERSION = YES;
				CLANG_WARN_OBJC_IMPLICIT_RETAIN_SELF = YES;
				CLANG_WARN_OBJC_LITERAL_CONVERSION = YES;
				CLANG_WARN_OBJC_ROOT_CLASS = YES_ERROR;
				CLANG_WARN_RANGE_LOOP_ANALYSIS = YES;
				CLANG_WARN_STRICT_PROTOTYPES = YES;
				CLANG_WARN_SUSPICIOUS_MOVE = YES;
				CLANG_WARN_UNGUARDED_AVAILABILITY = YES_AGGRESSIVE;
				CLANG_WARN_UNREACHABLE_CODE = YES;
				CLANG_WARN__DUPLICATE_METHOD_MATCH = YES;
				COPY_PHASE_STRIP = NO;
				DEBUG_INFORMATION_FORMAT = "dwarf-with-dsym";
				ENABLE_NS_ASSERTIONS = NO;
				ENABLE_STRICT_OBJC_MSGSEND = YES;
				GCC_C_LANGUAGE_STANDARD = gnu11;
				GCC_NO_COMMON_BLOCKS = YES;
				GCC_WARN_64_TO_32_BIT_CONVERSION = YES;
				GCC_WARN_ABOUT_RETURN_TYPE = YES_ERROR;
				GCC_WARN_UNDECLARED_SELECTOR = YES;
				GCC_WARN_UNINITIALIZED_AUTOS = YES_AGGRESSIVE;
				GCC_WARN_UNUSED_FUNCTION = YES;
				GCC_WARN_UNUSED_VARIABLE = YES;
				IPHONEOS_DEPLOYMENT_TARGET = 13.1;
				MTL_ENABLE_DEBUG_INFO = NO;
				MTL_FAST_MATH = YES;
				SDKROOT = iphoneos;
				SWIFT_COMPILATION_MODE = wholemodule;
				SWIFT_OPTIMIZATION_LEVEL = "-O";
				VALIDATE_PRODUCT = YES;
			};
			name = Release;
		};
		623BD9A8235E9BC7008A9C74 /* Debug */ = {
			isa = XCBuildConfiguration;
			baseConfigurationReference = 5E8B2800799A7F3FFD9E941D /* Pods-HOTELLOTTEFMS.debug.xcconfig */;
			buildSettings = {
				ASSETCATALOG_COMPILER_APPICON_NAME = AppIcon;
				CODE_SIGN_STYLE = Automatic;
				DEVELOPMENT_TEAM = 3MGS9MLQ26;
				INFOPLIST_FILE = HOTELLOTTEFMS/Info.plist;
				IPHONEOS_DEPLOYMENT_TARGET = 12.4;
				LD_RUNPATH_SEARCH_PATHS = (
					"$(inherited)",
					"@executable_path/Frameworks",
				);
				PRODUCT_BUNDLE_IDENTIFIER = ldcc.HOTELLOTTEFMS;
				PRODUCT_NAME = "$(TARGET_NAME)";
				SWIFT_VERSION = 5.0;
				TARGETED_DEVICE_FAMILY = 1;
			};
			name = Debug;
		};
		623BD9A9235E9BC7008A9C74 /* Release */ = {
			isa = XCBuildConfiguration;
			baseConfigurationReference = 821894A49F00FC928E2DDD70 /* Pods-HOTELLOTTEFMS.release.xcconfig */;
			buildSettings = {
				ASSETCATALOG_COMPILER_APPICON_NAME = AppIcon;
				CODE_SIGN_STYLE = Automatic;
				DEVELOPMENT_TEAM = 3MGS9MLQ26;
				INFOPLIST_FILE = HOTELLOTTEFMS/Info.plist;
				IPHONEOS_DEPLOYMENT_TARGET = 12.4;
				LD_RUNPATH_SEARCH_PATHS = (
					"$(inherited)",
					"@executable_path/Frameworks",
				);
				PRODUCT_BUNDLE_IDENTIFIER = ldcc.HOTELLOTTEFMS;
				PRODUCT_NAME = "$(TARGET_NAME)";
				SWIFT_VERSION = 5.0;
				TARGETED_DEVICE_FAMILY = 1;
			};
			name = Release;
		};
		623BD9AB235E9BC7008A9C74 /* Debug */ = {
			isa = XCBuildConfiguration;
			baseConfigurationReference = DEA06E09E30FC837084AC760 /* Pods-HOTELLOTTEFMSTests.debug.xcconfig */;
			buildSettings = {
				ALWAYS_EMBED_SWIFT_STANDARD_LIBRARIES = YES;
				BUNDLE_LOADER = "$(TEST_HOST)";
				CODE_SIGN_STYLE = Automatic;
				DEVELOPMENT_TEAM = 3MGS9MLQ26;
				INFOPLIST_FILE = LOTTEHOTELFMSTests/Info.plist;
				IPHONEOS_DEPLOYMENT_TARGET = 13.1;
				LD_RUNPATH_SEARCH_PATHS = (
					"$(inherited)",
					"@executable_path/Frameworks",
					"@loader_path/Frameworks",
				);
				PRODUCT_BUNDLE_IDENTIFIER = ldcc.LOTTEHOTELFMSTests;
				PRODUCT_NAME = "$(TARGET_NAME)";
				SWIFT_VERSION = 5.0;
				TARGETED_DEVICE_FAMILY = "1,2";
				TEST_HOST = "$(BUILT_PRODUCTS_DIR)/HOTELLOTTEFMS.app/HOTELLOTTEFMS";
			};
			name = Debug;
		};
		623BD9AC235E9BC7008A9C74 /* Release */ = {
			isa = XCBuildConfiguration;
			baseConfigurationReference = 1BEC98FDDE24CAF1C9C50963 /* Pods-HOTELLOTTEFMSTests.release.xcconfig */;
			buildSettings = {
				ALWAYS_EMBED_SWIFT_STANDARD_LIBRARIES = YES;
				BUNDLE_LOADER = "$(TEST_HOST)";
				CODE_SIGN_STYLE = Automatic;
				DEVELOPMENT_TEAM = 3MGS9MLQ26;
				INFOPLIST_FILE = LOTTEHOTELFMSTests/Info.plist;
				IPHONEOS_DEPLOYMENT_TARGET = 13.1;
				LD_RUNPATH_SEARCH_PATHS = (
					"$(inherited)",
					"@executable_path/Frameworks",
					"@loader_path/Frameworks",
				);
				PRODUCT_BUNDLE_IDENTIFIER = ldcc.LOTTEHOTELFMSTests;
				PRODUCT_NAME = "$(TARGET_NAME)";
				SWIFT_VERSION = 5.0;
				TARGETED_DEVICE_FAMILY = "1,2";
				TEST_HOST = "$(BUILT_PRODUCTS_DIR)/HOTELLOTTEFMS.app/HOTELLOTTEFMS";
			};
			name = Release;
		};
		623BD9AE235E9BC7008A9C74 /* Debug */ = {
			isa = XCBuildConfiguration;
			baseConfigurationReference = 3ADBD9CADD8F48CA968CCBAE /* Pods-HOTELLOTTEFMS-HOTELLOTTEFMSUITests.debug.xcconfig */;
			buildSettings = {
				ALWAYS_EMBED_SWIFT_STANDARD_LIBRARIES = YES;
				CODE_SIGN_STYLE = Automatic;
				DEVELOPMENT_TEAM = 3MGS9MLQ26;
				INFOPLIST_FILE = LOTTEHOTELFMSUITests/Info.plist;
				LD_RUNPATH_SEARCH_PATHS = (
					"$(inherited)",
					"@executable_path/Frameworks",
					"@loader_path/Frameworks",
				);
				PRODUCT_BUNDLE_IDENTIFIER = ldcc.LOTTEHOTELFMSUITests;
				PRODUCT_NAME = "$(TARGET_NAME)";
				SWIFT_VERSION = 5.0;
				TARGETED_DEVICE_FAMILY = "1,2";
				TEST_TARGET_NAME = LOTTEHOTELFMS;
			};
			name = Debug;
		};
		623BD9AF235E9BC7008A9C74 /* Release */ = {
			isa = XCBuildConfiguration;
			baseConfigurationReference = F3C486239A589D0CA2D1F4F8 /* Pods-HOTELLOTTEFMS-HOTELLOTTEFMSUITests.release.xcconfig */;
			buildSettings = {
				ALWAYS_EMBED_SWIFT_STANDARD_LIBRARIES = YES;
				CODE_SIGN_STYLE = Automatic;
				DEVELOPMENT_TEAM = 3MGS9MLQ26;
				INFOPLIST_FILE = LOTTEHOTELFMSUITests/Info.plist;
				LD_RUNPATH_SEARCH_PATHS = (
					"$(inherited)",
					"@executable_path/Frameworks",
					"@loader_path/Frameworks",
				);
				PRODUCT_BUNDLE_IDENTIFIER = ldcc.LOTTEHOTELFMSUITests;
				PRODUCT_NAME = "$(TARGET_NAME)";
				SWIFT_VERSION = 5.0;
				TARGETED_DEVICE_FAMILY = "1,2";
				TEST_TARGET_NAME = LOTTEHOTELFMS;
			};
			name = Release;
		};
/* End XCBuildConfiguration section */

/* Begin XCConfigurationList section */
		623BD978235E9BC5008A9C74 /* Build configuration list for PBXProject "HOTELLOTTEFMS" */ = {
			isa = XCConfigurationList;
			buildConfigurations = (
				623BD9A5235E9BC7008A9C74 /* Debug */,
				623BD9A6235E9BC7008A9C74 /* Release */,
			);
			defaultConfigurationIsVisible = 0;
			defaultConfigurationName = Release;
		};
		623BD9A7235E9BC7008A9C74 /* Build configuration list for PBXNativeTarget "HOTELLOTTEFMS" */ = {
			isa = XCConfigurationList;
			buildConfigurations = (
				623BD9A8235E9BC7008A9C74 /* Debug */,
				623BD9A9235E9BC7008A9C74 /* Release */,
			);
			defaultConfigurationIsVisible = 0;
			defaultConfigurationName = Release;
		};
		623BD9AA235E9BC7008A9C74 /* Build configuration list for PBXNativeTarget "HOTELLOTTEFMSTests" */ = {
			isa = XCConfigurationList;
			buildConfigurations = (
				623BD9AB235E9BC7008A9C74 /* Debug */,
				623BD9AC235E9BC7008A9C74 /* Release */,
			);
			defaultConfigurationIsVisible = 0;
			defaultConfigurationName = Release;
		};
		623BD9AD235E9BC7008A9C74 /* Build configuration list for PBXNativeTarget "HOTELLOTTEFMSUITests" */ = {
			isa = XCConfigurationList;
			buildConfigurations = (
				623BD9AE235E9BC7008A9C74 /* Debug */,
				623BD9AF235E9BC7008A9C74 /* Release */,
			);
			defaultConfigurationIsVisible = 0;
			defaultConfigurationName = Release;
		};
/* End XCConfigurationList section */
	};
	rootObject = 623BD975235E9BC5008A9C74 /* Project object */;
}
